// !$*UTF8*$!
{
	archiveVersion = 1;
	classes = {
	};
	objectVersion = 46;
	objects = {

/* Begin PBXBuildFile section */
		4D82961EE269B78A63A282F5 /* libPods-tigerspikeList.a in Frameworks */ = {isa = PBXBuildFile; fileRef = 358412B7FED59F8EB16A6102 /* libPods-tigerspikeList.a */; };
		549B342A1B0D9C6300B6959E /* TigerSpikeClient.m in Sources */ = {isa = PBXBuildFile; fileRef = 549B34291B0D9C6300B6959E /* TigerSpikeClient.m */; };
		549B343C1B0DB90800B6959E /* PersistenceManager.m in Sources */ = {isa = PBXBuildFile; fileRef = 549B343B1B0DB90800B6959E /* PersistenceManager.m */; };
		54AC81B21AFF20C200391F8F /* main.m in Sources */ = {isa = PBXBuildFile; fileRef = 54AC81B11AFF20C200391F8F /* main.m */; };
		54AC81B51AFF20C200391F8F /* AppDelegate.m in Sources */ = {isa = PBXBuildFile; fileRef = 54AC81B41AFF20C200391F8F /* AppDelegate.m */; };
		54AC81B81AFF20C200391F8F /* ViewController.m in Sources */ = {isa = PBXBuildFile; fileRef = 54AC81B71AFF20C200391F8F /* ViewController.m */; };
		54AC81BB1AFF20C200391F8F /* Main.storyboard in Resources */ = {isa = PBXBuildFile; fileRef = 54AC81B91AFF20C200391F8F /* Main.storyboard */; };
		54AC81BD1AFF20C200391F8F /* Images.xcassets in Resources */ = {isa = PBXBuildFile; fileRef = 54AC81BC1AFF20C200391F8F /* Images.xcassets */; };
		54AC81C01AFF20C200391F8F /* LaunchScreen.xib in Resources */ = {isa = PBXBuildFile; fileRef = 54AC81BE1AFF20C200391F8F /* LaunchScreen.xib */; };
		54AC81CC1AFF20C300391F8F /* tigerspikeListTests.m in Sources */ = {isa = PBXBuildFile; fileRef = 54AC81CB1AFF20C300391F8F /* tigerspikeListTests.m */; };
		54AC81DD1AFF388C00391F8F /* WebViewController.m in Sources */ = {isa = PBXBuildFile; fileRef = 54AC81DC1AFF388C00391F8F /* WebViewController.m */; };
		54AC81E01AFF38AB00391F8F /* CustomCell.m in Sources */ = {isa = PBXBuildFile; fileRef = 54AC81DF1AFF38AB00391F8F /* CustomCell.m */; };
		54AC81E21AFF39BE00391F8F /* WebKit.framework in Frameworks */ = {isa = PBXBuildFile; fileRef = 54AC81E11AFF39BE00391F8F /* WebKit.framework */; };
		54E2F5C91B182AB100489D00 /* Article.m in Sources */ = {isa = PBXBuildFile; fileRef = 54E2F5C81B182AB100489D00 /* Article.m */; };
		54E2F5CC1B182B5200489D00 /* Library.m in Sources */ = {isa = PBXBuildFile; fileRef = 54E2F5CB1B182B5200489D00 /* Library.m */; };
/* End PBXBuildFile section */

/* Begin PBXContainerItemProxy section */
		54AC81C61AFF20C300391F8F /* PBXContainerItemProxy */ = {
			isa = PBXContainerItemProxy;
			containerPortal = 54AC81A41AFF20C200391F8F /* Project object */;
			proxyType = 1;
			remoteGlobalIDString = 54AC81AB1AFF20C200391F8F;
			remoteInfo = tigerspikeList;
		};
/* End PBXContainerItemProxy section */

/* Begin PBXFileReference section */
		358412B7FED59F8EB16A6102 /* libPods-tigerspikeList.a */ = {isa = PBXFileReference; explicitFileType = archive.ar; includeInIndex = 0; path = "libPods-tigerspikeList.a"; sourceTree = BUILT_PRODUCTS_DIR; };
		549B34281B0D9C6300B6959E /* TigerSpikeClient.h */ = {isa = PBXFileReference; fileEncoding = 4; lastKnownFileType = sourcecode.c.h; path = TigerSpikeClient.h; sourceTree = "<group>"; };
		549B34291B0D9C6300B6959E /* TigerSpikeClient.m */ = {isa = PBXFileReference; fileEncoding = 4; lastKnownFileType = sourcecode.c.objc; path = TigerSpikeClient.m; sourceTree = "<group>"; };
		549B343A1B0DB90800B6959E /* PersistenceManager.h */ = {isa = PBXFileReference; fileEncoding = 4; lastKnownFileType = sourcecode.c.h; path = PersistenceManager.h; sourceTree = "<group>"; };
		549B343B1B0DB90800B6959E /* PersistenceManager.m */ = {isa = PBXFileReference; fileEncoding = 4; lastKnownFileType = sourcecode.c.objc; path = PersistenceManager.m; sourceTree = "<group>"; };
		54AC81AC1AFF20C200391F8F /* tigerspikeList.app */ = {isa = PBXFileReference; explicitFileType = wrapper.application; includeInIndex = 0; path = tigerspikeList.app; sourceTree = BUILT_PRODUCTS_DIR; };
		54AC81B01AFF20C200391F8F /* Info.plist */ = {isa = PBXFileReference; lastKnownFileType = text.plist.xml; path = Info.plist; sourceTree = "<group>"; };
		54AC81B11AFF20C200391F8F /* main.m */ = {isa = PBXFileReference; lastKnownFileType = sourcecode.c.objc; path = main.m; sourceTree = "<group>"; };
		54AC81B31AFF20C200391F8F /* AppDelegate.h */ = {isa = PBXFileReference; lastKnownFileType = sourcecode.c.h; path = AppDelegate.h; sourceTree = "<group>"; };
		54AC81B41AFF20C200391F8F /* AppDelegate.m */ = {isa = PBXFileReference; lastKnownFileType = sourcecode.c.objc; path = AppDelegate.m; sourceTree = "<group>"; };
		54AC81B61AFF20C200391F8F /* ViewController.h */ = {isa = PBXFileReference; lastKnownFileType = sourcecode.c.h; path = ViewController.h; sourceTree = "<group>"; };
		54AC81B71AFF20C200391F8F /* ViewController.m */ = {isa = PBXFileReference; lastKnownFileType = sourcecode.c.objc; path = ViewController.m; sourceTree = "<group>"; };
		54AC81BA1AFF20C200391F8F /* Base */ = {isa = PBXFileReference; lastKnownFileType = file.storyboard; name = Base; path = Base.lproj/Main.storyboard; sourceTree = "<group>"; };
		54AC81BC1AFF20C200391F8F /* Images.xcassets */ = {isa = PBXFileReference; lastKnownFileType = folder.assetcatalog; path = Images.xcassets; sourceTree = "<group>"; };
		54AC81BF1AFF20C200391F8F /* Base */ = {isa = PBXFileReference; lastKnownFileType = file.xib; name = Base; path = Base.lproj/LaunchScreen.xib; sourceTree = "<group>"; };
		54AC81C51AFF20C300391F8F /* tigerspikeListTests.xctest */ = {isa = PBXFileReference; explicitFileType = wrapper.cfbundle; includeInIndex = 0; path = tigerspikeListTests.xctest; sourceTree = BUILT_PRODUCTS_DIR; };
		54AC81CA1AFF20C300391F8F /* Info.plist */ = {isa = PBXFileReference; lastKnownFileType = text.plist.xml; path = Info.plist; sourceTree = "<group>"; };
		54AC81CB1AFF20C300391F8F /* tigerspikeListTests.m */ = {isa = PBXFileReference; lastKnownFileType = sourcecode.c.objc; path = tigerspikeListTests.m; sourceTree = "<group>"; };
		54AC81DB1AFF388C00391F8F /* WebViewController.h */ = {isa = PBXFileReference; fileEncoding = 4; lastKnownFileType = sourcecode.c.h; path = WebViewController.h; sourceTree = "<group>"; };
		54AC81DC1AFF388C00391F8F /* WebViewController.m */ = {isa = PBXFileReference; fileEncoding = 4; lastKnownFileType = sourcecode.c.objc; path = WebViewController.m; sourceTree = "<group>"; };
		54AC81DE1AFF38AB00391F8F /* CustomCell.h */ = {isa = PBXFileReference; fileEncoding = 4; lastKnownFileType = sourcecode.c.h; path = CustomCell.h; sourceTree = "<group>"; };
		54AC81DF1AFF38AB00391F8F /* CustomCell.m */ = {isa = PBXFileReference; fileEncoding = 4; lastKnownFileType = sourcecode.c.objc; path = CustomCell.m; sourceTree = "<group>"; };
		54AC81E11AFF39BE00391F8F /* WebKit.framework */ = {isa = PBXFileReference; lastKnownFileType = wrapper.framework; name = WebKit.framework; path = System/Library/Frameworks/WebKit.framework; sourceTree = SDKROOT; };
		54E2F5C71B182AB100489D00 /* Article.h */ = {isa = PBXFileReference; fileEncoding = 4; lastKnownFileType = sourcecode.c.h; path = Article.h; sourceTree = "<group>"; };
		54E2F5C81B182AB100489D00 /* Article.m */ = {isa = PBXFileReference; fileEncoding = 4; lastKnownFileType = sourcecode.c.objc; path = Article.m; sourceTree = "<group>"; };
		54E2F5CA1B182B5200489D00 /* Library.h */ = {isa = PBXFileReference; fileEncoding = 4; lastKnownFileType = sourcecode.c.h; path = Library.h; sourceTree = "<group>"; };
		54E2F5CB1B182B5200489D00 /* Library.m */ = {isa = PBXFileReference; fileEncoding = 4; lastKnownFileType = sourcecode.c.objc; path = Library.m; sourceTree = "<group>"; };
		7718256DD63B37D0CC230842 /* Pods-tigerspikeList.debug.xcconfig */ = {isa = PBXFileReference; includeInIndex = 1; lastKnownFileType = text.xcconfig; name = "Pods-tigerspikeList.debug.xcconfig"; path = "Pods/Target Support Files/Pods-tigerspikeList/Pods-tigerspikeList.debug.xcconfig"; sourceTree = "<group>"; };
		A3CFD00CBB96B1F54857294B /* Pods-tigerspikeList.release.xcconfig */ = {isa = PBXFileReference; includeInIndex = 1; lastKnownFileType = text.xcconfig; name = "Pods-tigerspikeList.release.xcconfig"; path = "Pods/Target Support Files/Pods-tigerspikeList/Pods-tigerspikeList.release.xcconfig"; sourceTree = "<group>"; };
/* End PBXFileReference section */

/* Begin PBXFrameworksBuildPhase section */
		54AC81A91AFF20C200391F8F /* Frameworks */ = {
			isa = PBXFrameworksBuildPhase;
			buildActionMask = 2147483647;
			files = (
				54AC81E21AFF39BE00391F8F /* WebKit.framework in Frameworks */,
				4D82961EE269B78A63A282F5 /* libPods-tigerspikeList.a in Frameworks */,
			);
			runOnlyForDeploymentPostprocessing = 0;
		};
		54AC81C21AFF20C300391F8F /* Frameworks */ = {
			isa = PBXFrameworksBuildPhase;
			buildActionMask = 2147483647;
			files = (
			);
			runOnlyForDeploymentPostprocessing = 0;
		};
/* End PBXFrameworksBuildPhase section */

/* Begin PBXGroup section */
		37C4537AE355D0AB2A0265B1 /* Pods */ = {
			isa = PBXGroup;
			children = (
				7718256DD63B37D0CC230842 /* Pods-tigerspikeList.debug.xcconfig */,
				A3CFD00CBB96B1F54857294B /* Pods-tigerspikeList.release.xcconfig */,
			);
			name = Pods;
			sourceTree = "<group>";
		};
		548ADABA1B14452400E49341 /* Models */ = {
			isa = PBXGroup;
			children = (
				54E2F5C71B182AB100489D00 /* Article.h */,
				54E2F5C81B182AB100489D00 /* Article.m */,
				549B343A1B0DB90800B6959E /* PersistenceManager.h */,
				549B343B1B0DB90800B6959E /* PersistenceManager.m */,
				54E2F5CA1B182B5200489D00 /* Library.h */,
				54E2F5CB1B182B5200489D00 /* Library.m */,
			);
			name = Models;
			sourceTree = "<group>";
		};
		548ADABC1B14453500E49341 /* Views */ = {
			isa = PBXGroup;
			children = (
				54AC81DE1AFF38AB00391F8F /* CustomCell.h */,
				54AC81DF1AFF38AB00391F8F /* CustomCell.m */,
				54AC81DB1AFF388C00391F8F /* WebViewController.h */,
				54AC81DC1AFF388C00391F8F /* WebViewController.m */,
			);
			name = Views;
			sourceTree = "<group>";
		};
		549B34271B0D9C3C00B6959E /* Client */ = {
			isa = PBXGroup;
			children = (
				549B34281B0D9C6300B6959E /* TigerSpikeClient.h */,
				549B34291B0D9C6300B6959E /* TigerSpikeClient.m */,
			);
			name = Client;
			sourceTree = "<group>";
		};
		54AC81A31AFF20C200391F8F = {
			isa = PBXGroup;
			children = (
				54AC81E11AFF39BE00391F8F /* WebKit.framework */,
				54AC81AE1AFF20C200391F8F /* tigerspikeList */,
				54AC81C81AFF20C300391F8F /* tigerspikeListTests */,
				54AC81AD1AFF20C200391F8F /* Products */,
				37C4537AE355D0AB2A0265B1 /* Pods */,
				A2F0A75B27D11569E7D46AD9 /* Frameworks */,
			);
			sourceTree = "<group>";
		};
		54AC81AD1AFF20C200391F8F /* Products */ = {
			isa = PBXGroup;
			children = (
				54AC81AC1AFF20C200391F8F /* tigerspikeList.app */,
				54AC81C51AFF20C300391F8F /* tigerspikeListTests.xctest */,
			);
			name = Products;
			sourceTree = "<group>";
		};
		54AC81AE1AFF20C200391F8F /* tigerspikeList */ = {
			isa = PBXGroup;
			children = (
				549B34271B0D9C3C00B6959E /* Client */,
				548ADABA1B14452400E49341 /* Models */,
				548ADABC1B14453500E49341 /* Views */,
				54AC81B31AFF20C200391F8F /* AppDelegate.h */,
				54AC81B41AFF20C200391F8F /* AppDelegate.m */,
				54AC81B61AFF20C200391F8F /* ViewController.h */,
				54AC81B71AFF20C200391F8F /* ViewController.m */,
				54AC81B91AFF20C200391F8F /* Main.storyboard */,
				54AC81BC1AFF20C200391F8F /* Images.xcassets */,
				54AC81BE1AFF20C200391F8F /* LaunchScreen.xib */,
				54AC81AF1AFF20C200391F8F /* Supporting Files */,
			);
			path = tigerspikeList;
			sourceTree = "<group>";
		};
		54AC81AF1AFF20C200391F8F /* Supporting Files */ = {
			isa = PBXGroup;
			children = (
				54AC81B01AFF20C200391F8F /* Info.plist */,
				54AC81B11AFF20C200391F8F /* main.m */,
			);
			name = "Supporting Files";
			sourceTree = "<group>";
		};
		54AC81C81AFF20C300391F8F /* tigerspikeListTests */ = {
			isa = PBXGroup;
			children = (
				54AC81CB1AFF20C300391F8F /* tigerspikeListTests.m */,
				54AC81C91AFF20C300391F8F /* Supporting Files */,
			);
			path = tigerspikeListTests;
			sourceTree = "<group>";
		};
		54AC81C91AFF20C300391F8F /* Supporting Files */ = {
			isa = PBXGroup;
			children = (
				54AC81CA1AFF20C300391F8F /* Info.plist */,
			);
			name = "Supporting Files";
			sourceTree = "<group>";
		};
		A2F0A75B27D11569E7D46AD9 /* Frameworks */ = {
			isa = PBXGroup;
			children = (
				358412B7FED59F8EB16A6102 /* libPods-tigerspikeList.a */,
			);
			name = Frameworks;
			sourceTree = "<group>";
		};
/* End PBXGroup section */

/* Begin PBXNativeTarget section */
		54AC81AB1AFF20C200391F8F /* tigerspikeList */ = {
			isa = PBXNativeTarget;
			buildConfigurationList = 54AC81CF1AFF20C300391F8F /* Build configuration list for PBXNativeTarget "tigerspikeList" */;
			buildPhases = (
				1619224E032D546D1BD1AB1F /* Check Pods Manifest.lock */,
				54AC81A81AFF20C200391F8F /* Sources */,
				54AC81A91AFF20C200391F8F /* Frameworks */,
				54AC81AA1AFF20C200391F8F /* Resources */,
				158B52A1A7CC1B6362D7160E /* Copy Pods Resources */,
			);
			buildRules = (
			);
			dependencies = (
			);
			name = tigerspikeList;
			productName = tigerspikeList;
			productReference = 54AC81AC1AFF20C200391F8F /* tigerspikeList.app */;
			productType = "com.apple.product-type.application";
		};
		54AC81C41AFF20C300391F8F /* tigerspikeListTests */ = {
			isa = PBXNativeTarget;
			buildConfigurationList = 54AC81D21AFF20C300391F8F /* Build configuration list for PBXNativeTarget "tigerspikeListTests" */;
			buildPhases = (
				54AC81C11AFF20C300391F8F /* Sources */,
				54AC81C21AFF20C300391F8F /* Frameworks */,
				54AC81C31AFF20C300391F8F /* Resources */,
			);
			buildRules = (
			);
			dependencies = (
				54AC81C71AFF20C300391F8F /* PBXTargetDependency */,
			);
			name = tigerspikeListTests;
			productName = tigerspikeListTests;
			productReference = 54AC81C51AFF20C300391F8F /* tigerspikeListTests.xctest */;
			productType = "com.apple.product-type.bundle.unit-test";
		};
/* End PBXNativeTarget section */

/* Begin PBXProject section */
		54AC81A41AFF20C200391F8F /* Project object */ = {
			isa = PBXProject;
			attributes = {
				LastUpgradeCheck = 0630;
				ORGANIZATIONNAME = "Paulo Pão";
				TargetAttributes = {
					54AC81AB1AFF20C200391F8F = {
						CreatedOnToolsVersion = 6.3.1;
					};
					54AC81C41AFF20C300391F8F = {
						CreatedOnToolsVersion = 6.3.1;
						TestTargetID = 54AC81AB1AFF20C200391F8F;
					};
				};
			};
			buildConfigurationList = 54AC81A71AFF20C200391F8F /* Build configuration list for PBXProject "tigerspikeList" */;
			compatibilityVersion = "Xcode 3.2";
			developmentRegion = English;
			hasScannedForEncodings = 0;
			knownRegions = (
				en,
				Base,
			);
			mainGroup = 54AC81A31AFF20C200391F8F;
			productRefGroup = 54AC81AD1AFF20C200391F8F /* Products */;
			projectDirPath = "";
			projectRoot = "";
			targets = (
				54AC81AB1AFF20C200391F8F /* tigerspikeList */,
				54AC81C41AFF20C300391F8F /* tigerspikeListTests */,
			);
		};
/* End PBXProject section */

/* Begin PBXResourcesBuildPhase section */
		54AC81AA1AFF20C200391F8F /* Resources */ = {
			isa = PBXResourcesBuildPhase;
			buildActionMask = 2147483647;
			files = (
				54AC81BB1AFF20C200391F8F /* Main.storyboard in Resources */,
				54AC81C01AFF20C200391F8F /* LaunchScreen.xib in Resources */,
				54AC81BD1AFF20C200391F8F /* Images.xcassets in Resources */,
			);
			runOnlyForDeploymentPostprocessing = 0;
		};
		54AC81C31AFF20C300391F8F /* Resources */ = {
			isa = PBXResourcesBuildPhase;
			buildActionMask = 2147483647;
			files = (
			);
			runOnlyForDeploymentPostprocessing = 0;
		};
/* End PBXResourcesBuildPhase section */

/* Begin PBXShellScriptBuildPhase section */
		158B52A1A7CC1B6362D7160E /* Copy Pods Resources */ = {
			isa = PBXShellScriptBuildPhase;
			buildActionMask = 2147483647;
			files = (
			);
			inputPaths = (
			);
			name = "Copy Pods Resources";
			outputPaths = (
			);
			runOnlyForDeploymentPostprocessing = 0;
			shellPath = /bin/sh;
			shellScript = "\"${SRCROOT}/Pods/Target Support Files/Pods-tigerspikeList/Pods-tigerspikeList-resources.sh\"\n";
			showEnvVarsInLog = 0;
		};
		1619224E032D546D1BD1AB1F /* Check Pods Manifest.lock */ = {
			isa = PBXShellScriptBuildPhase;
			buildActionMask = 2147483647;
			files = (
			);
			inputPaths = (
			);
			name = "Check Pods Manifest.lock";
			outputPaths = (
			);
			runOnlyForDeploymentPostprocessing = 0;
			shellPath = /bin/sh;
			shellScript = "diff \"${PODS_ROOT}/../Podfile.lock\" \"${PODS_ROOT}/Manifest.lock\" > /dev/null\nif [[ $? != 0 ]] ; then\n    cat << EOM\nerror: The sandbox is not in sync with the Podfile.lock. Run 'pod install' or update your CocoaPods installation.\nEOM\n    exit 1\nfi\n";
			showEnvVarsInLog = 0;
		};
/* End PBXShellScriptBuildPhase section */

/* Begin PBXSourcesBuildPhase section */
		54AC81A81AFF20C200391F8F /* Sources */ = {
			isa = PBXSourcesBuildPhase;
			buildActionMask = 2147483647;
			files = (
				54AC81B81AFF20C200391F8F /* ViewController.m in Sources */,
				54AC81B51AFF20C200391F8F /* AppDelegate.m in Sources */,
				549B343C1B0DB90800B6959E /* PersistenceManager.m in Sources */,
				549B342A1B0D9C6300B6959E /* TigerSpikeClient.m in Sources */,
				54AC81B21AFF20C200391F8F /* main.m in Sources */,
				54E2F5C91B182AB100489D00 /* Article.m in Sources */,
				54AC81DD1AFF388C00391F8F /* WebViewController.m in Sources */,
				54E2F5CC1B182B5200489D00 /* Library.m in Sources */,
				54AC81E01AFF38AB00391F8F /* CustomCell.m in Sources */,
			);
			runOnlyForDeploymentPostprocessing = 0;
		};
		54AC81C11AFF20C300391F8F /* Sources */ = {
			isa = PBXSourcesBuildPhase;
			buildActionMask = 2147483647;
			files = (
				54AC81CC1AFF20C300391F8F /* tigerspikeListTests.m in Sources */,
			);
			runOnlyForDeploymentPostprocessing = 0;
		};
/* End PBXSourcesBuildPhase section */

/* Begin PBXTargetDependency section */
		54AC81C71AFF20C300391F8F /* PBXTargetDependency */ = {
			isa = PBXTargetDependency;
			target = 54AC81AB1AFF20C200391F8F /* tigerspikeList */;
			targetProxy = 54AC81C61AFF20C300391F8F /* PBXContainerItemProxy */;
		};
/* End PBXTargetDependency section */

/* Begin PBXVariantGroup section */
		54AC81B91AFF20C200391F8F /* Main.storyboard */ = {
			isa = PBXVariantGroup;
			children = (
				54AC81BA1AFF20C200391F8F /* Base */,
			);
			name = Main.storyboard;
			sourceTree = "<group>";
		};
		54AC81BE1AFF20C200391F8F /* LaunchScreen.xib */ = {
			isa = PBXVariantGroup;
			children = (
				54AC81BF1AFF20C200391F8F /* Base */,
			);
			name = LaunchScreen.xib;
			sourceTree = "<group>";
		};
/* End PBXVariantGroup section */

/* Begin XCBuildConfiguration section */
		54AC81CD1AFF20C300391F8F /* Debug */ = {
			isa = XCBuildConfiguration;
			buildSettings = {
				ALWAYS_SEARCH_USER_PATHS = NO;
				CLANG_CXX_LANGUAGE_STANDARD = "gnu++0x";
				CLANG_CXX_LIBRARY = "libc++";
				CLANG_ENABLE_MODULES = YES;
				CLANG_ENABLE_OBJC_ARC = YES;
				CLANG_WARN_BOOL_CONVERSION = YES;
				CLANG_WARN_CONSTANT_CONVERSION = YES;
				CLANG_WARN_DIRECT_OBJC_ISA_USAGE = YES_ERROR;
				CLANG_WARN_EMPTY_BODY = YES;
				CLANG_WARN_ENUM_CONVERSION = YES;
				CLANG_WARN_INT_CONVERSION = YES;
				CLANG_WARN_OBJC_ROOT_CLASS = YES_ERROR;
				CLANG_WARN_UNREACHABLE_CODE = YES;
				CLANG_WARN__DUPLICATE_METHOD_MATCH = YES;
				"CODE_SIGN_IDENTITY[sdk=iphoneos*]" = "iPhone Developer";
				COPY_PHASE_STRIP = NO;
				DEBUG_INFORMATION_FORMAT = "dwarf-with-dsym";
				ENABLE_STRICT_OBJC_MSGSEND = YES;
				GCC_C_LANGUAGE_STANDARD = gnu99;
				GCC_DYNAMIC_NO_PIC = NO;
				GCC_NO_COMMON_BLOCKS = YES;
				GCC_OPTIMIZATION_LEVEL = 0;
				GCC_PREPROCESSOR_DEFINITIONS = (
					"DEBUG=1",
					"$(inherited)",
				);
				GCC_SYMBOLS_PRIVATE_EXTERN = NO;
				GCC_WARN_64_TO_32_BIT_CONVERSION = YES;
				GCC_WARN_ABOUT_RETURN_TYPE = YES_ERROR;
				GCC_WARN_UNDECLARED_SELECTOR = YES;
				GCC_WARN_UNINITIALIZED_AUTOS = YES_AGGRESSIVE;
				GCC_WARN_UNUSED_FUNCTION = YES;
				GCC_WARN_UNUSED_VARIABLE = YES;
				IPHONEOS_DEPLOYMENT_TARGET = 8.3;
				MTL_ENABLE_DEBUG_INFO = YES;
				ONLY_ACTIVE_ARCH = YES;
				SDKROOT = iphoneos;
				TARGETED_DEVICE_FAMILY = "1,2";
			};
			name = Debug;
		};
		54AC81CE1AFF20C300391F8F /* Release */ = {
			isa = XCBuildConfiguration;
			buildSettings = {
				ALWAYS_SEARCH_USER_PATHS = NO;
				CLANG_CXX_LANGUAGE_STANDARD = "gnu++0x";
				CLANG_CXX_LIBRARY = "libc++";
				CLANG_ENABLE_MODULES = YES;
				CLANG_ENABLE_OBJC_ARC = YES;
				CLANG_WARN_BOOL_CONVERSION = YES;
				CLANG_WARN_CONSTANT_CONVERSION = YES;
				CLANG_WARN_DIRECT_OBJC_ISA_USAGE = YES_ERROR;
				CLANG_WARN_EMPTY_BODY = YES;
				CLANG_WARN_ENUM_CONVERSION = YES;
				CLANG_WARN_INT_CONVERSION = YES;
				CLANG_WARN_OBJC_ROOT_CLASS = YES_ERROR;
				CLANG_WARN_UNREACHABLE_CODE = YES;
				CLANG_WARN__DUPLICATE_METHOD_MATCH = YES;
				"CODE_SIGN_IDENTITY[sdk=iphoneos*]" = "iPhone Developer";
				COPY_PHASE_STRIP = NO;
				DEBUG_INFORMATION_FORMAT = "dwarf-with-dsym";
				ENABLE_NS_ASSERTIONS = NO;
				ENABLE_STRICT_OBJC_MSGSEND = YES;
				GCC_C_LANGUAGE_STANDARD = gnu99;
				GCC_NO_COMMON_BLOCKS = YES;
				GCC_WARN_64_TO_32_BIT_CONVERSION = YES;
				GCC_WARN_ABOUT_RETURN_TYPE = YES_ERROR;
				GCC_WARN_UNDECLARED_SELECTOR = YES;
				GCC_WARN_UNINITIALIZED_AUTOS = YES_AGGRESSIVE;
				GCC_WARN_UNUSED_FUNCTION = YES;
				GCC_WARN_UNUSED_VARIABLE = YES;
				IPHONEOS_DEPLOYMENT_TARGET = 8.3;
				MTL_ENABLE_DEBUG_INFO = NO;
				SDKROOT = iphoneos;
				TARGETED_DEVICE_FAMILY = "1,2";
				VALIDATE_PRODUCT = YES;
			};
			name = Release;
		};
		54AC81D01AFF20C300391F8F /* Debug */ = {
			isa = XCBuildConfiguration;
			baseConfigurationReference = 7718256DD63B37D0CC230842 /* Pods-tigerspikeList.debug.xcconfig */;
			buildSettings = {
				ASSETCATALOG_COMPILER_APPICON_NAME = AppIcon;
				INFOPLIST_FILE = tigerspikeList/Info.plist;
				LD_RUNPATH_SEARCH_PATHS = "$(inherited) @executable_path/Frameworks";
				PRODUCT_NAME = "$(TARGET_NAME)";
			};
			name = Debug;
		};
		54AC81D11AFF20C300391F8F /* Release */ = {
			isa = XCBuildConfiguration;
			baseConfigurationReference = A3CFD00CBB96B1F54857294B /* Pods-tigerspikeList.release.xcconfig */;
			buildSettings = {
				ASSETCATALOG_COMPILER_APPICON_NAME = AppIcon;
				INFOPLIST_FILE = tigerspikeList/Info.plist;
				LD_RUNPATH_SEARCH_PATHS = "$(inherited) @executable_path/Frameworks";
				PRODUCT_NAME = "$(TARGET_NAME)";
			};
			name = Release;
		};
		54AC81D31AFF20C300391F8F /* Debug */ = {
			isa = XCBuildConfiguration;
			buildSettings = {
				BUNDLE_LOADER = "$(TEST_HOST)";
				FRAMEWORK_SEARCH_PATHS = (
					"$(SDKROOT)/Developer/Library/Frameworks",
					"$(inherited)",
				);
				GCC_PREPROCESSOR_DEFINITIONS = (
					"DEBUG=1",
					"$(inherited)",
				);
				INFOPLIST_FILE = tigerspikeListTests/Info.plist;
				LD_RUNPATH_SEARCH_PATHS = "$(inherited) @executable_path/Frameworks @loader_path/Frameworks";
				PRODUCT_NAME = "$(TARGET_NAME)";
				TEST_HOST = "$(BUILT_PRODUCTS_DIR)/tigerspikeList.app/tigerspikeList";
			};
			name = Debug;
		};
		54AC81D41AFF20C300391F8F /* Release */ = {
			isa = XCBuildConfiguration;
			buildSettings = {
				BUNDLE_LOADER = "$(TEST_HOST)";
				FRAMEWORK_SEARCH_PATHS = (
					"$(SDKROOT)/Developer/Library/Frameworks",
					"$(inherited)",
				);
				INFOPLIST_FILE = tigerspikeListTests/Info.plist;
				LD_RUNPATH_SEARCH_PATHS = "$(inherited) @executable_path/Frameworks @loader_path/Frameworks";
				PRODUCT_NAME = "$(TARGET_NAME)";
				TEST_HOST = "$(BUILT_PRODUCTS_DIR)/tigerspikeList.app/tigerspikeList";
			};
			name = Release;
		};
/* End XCBuildConfiguration section */

/* Begin XCConfigurationList section */
		54AC81A71AFF20C200391F8F /* Build configuration list for PBXProject "tigerspikeList" */ = {
			isa = XCConfigurationList;
			buildConfigurations = (
				54AC81CD1AFF20C300391F8F /* Debug */,
				54AC81CE1AFF20C300391F8F /* Release */,
			);
			defaultConfigurationIsVisible = 0;
			defaultConfigurationName = Release;
		};
		54AC81CF1AFF20C300391F8F /* Build configuration list for PBXNativeTarget "tigerspikeList" */ = {
			isa = XCConfigurationList;
			buildConfigurations = (
				54AC81D01AFF20C300391F8F /* Debug */,
				54AC81D11AFF20C300391F8F /* Release */,
			);
			defaultConfigurationIsVisible = 0;
			defaultConfigurationName = Release;
		};
		54AC81D21AFF20C300391F8F /* Build configuration list for PBXNativeTarget "tigerspikeListTests" */ = {
			isa = XCConfigurationList;
			buildConfigurations = (
				54AC81D31AFF20C300391F8F /* Debug */,
				54AC81D41AFF20C300391F8F /* Release */,
			);
			defaultConfigurationIsVisible = 0;
			defaultConfigurationName = Release;
		};
/* End XCConfigurationList section */
	};
	rootObject = 54AC81A41AFF20C200391F8F /* Project object */;
}
